
Microsoft Visual Studio Solution File, Format Version 12.00
# Visual Studio 15
VisualStudioVersion = 15.0.28010.0
MinimumVisualStudioVersion = 10.0.40219.1
Project("{FAE04EC0-301F-11D3-BF4B-00C04F79EFBC}") = "QuanLyThietBi.Common", "QuanLyThietBi.Common\QuanLyThietBi.Common.csproj", "{D51C99A2-D9D1-4E94-985C-CDCEE378185F}"
EndProject
Project("{FAE04EC0-301F-11D3-BF4B-00C04F79EFBC}") = "QuanLyThietBi.Model", "QuanLyThietBi.Model\QuanLyThietBi.Model.csproj", "{D1BFDDC3-5AFA-4B4C-A2F8-A23230DC5C9D}"
EndProject
Project("{FAE04EC0-301F-11D3-BF4B-00C04F79EFBC}") = "QuanLyThietBi.Data", "QuanLyThietBi.Data\QuanLyThietBi.Data.csproj", "{AF2BE0D7-3091-4805-A75E-3A5C577AD12B}"
EndProject
Project("{FAE04EC0-301F-11D3-BF4B-00C04F79EFBC}") = "QuanLyThietBi.Service", "QuanLyThietBi.Service\QuanLyThietBi.Service.csproj", "{450962F4-829B-4E15-87D0-B68307D560B7}"
EndProject
Project("{FAE04EC0-301F-11D3-BF4B-00C04F79EFBC}") = "QuanLyThietBi.Web", "QuanLyThietBi.Web\QuanLyThietBi.Web.csproj", "{C8C87523-5513-44E7-9F7E-955500BC6470}"
EndProject
Global
	GlobalSection(SolutionConfigurationPlatforms) = preSolution
		Debug|Any CPU = Debug|Any CPU
		Release|Any CPU = Release|Any CPU
	EndGlobalSection
	GlobalSection(ProjectConfigurationPlatforms) = postSolution
		{D51C99A2-D9D1-4E94-985C-CDCEE378185F}.Debug|Any CPU.ActiveCfg = Debug|Any CPU
		{D51C99A2-D9D1-4E94-985C-CDCEE378185F}.Debug|Any CPU.Build.0 = Debug|Any CPU
		{D51C99A2-D9D1-4E94-985C-CDCEE378185F}.Release|Any CPU.ActiveCfg = Release|Any CPU
		{D51C99A2-D9D1-4E94-985C-CDCEE378185F}.Release|Any CPU.Build.0 = Release|Any CPU
		{D1BFDDC3-5AFA-4B4C-A2F8-A23230DC5C9D}.Debug|Any CPU.ActiveCfg = Debug|Any CPU
		{D1BFDDC3-5AFA-4B4C-A2F8-A23230DC5C9D}.Debug|Any CPU.Build.0 = Debug|Any CPU
		{D1BFDDC3-5AFA-4B4C-A2F8-A23230DC5C9D}.Release|Any CPU.ActiveCfg = Release|Any CPU
		{D1BFDDC3-5AFA-4B4C-A2F8-A23230DC5C9D}.Release|Any CPU.Build.0 = Release|Any CPU
		{AF2BE0D7-3091-4805-A75E-3A5C577AD12B}.Debug|Any CPU.ActiveCfg = Debug|Any CPU
		{AF2BE0D7-3091-4805-A75E-3A5C577AD12B}.Debug|Any CPU.Build.0 = Debug|Any CPU
		{AF2BE0D7-3091-4805-A75E-3A5C577AD12B}.Release|Any CPU.ActiveCfg = Release|Any CPU
		{AF2BE0D7-3091-4805-A75E-3A5C577AD12B}.Release|Any CPU.Build.0 = Release|Any CPU
		{450962F4-829B-4E15-87D0-B68307D560B7}.Debug|Any CPU.ActiveCfg = Debug|Any CPU
		{450962F4-829B-4E15-87D0-B68307D560B7}.Debug|Any CPU.Build.0 = Debug|Any CPU
		{450962F4-829B-4E15-87D0-B68307D560B7}.Release|Any CPU.ActiveCfg = Release|Any CPU
		{450962F4-829B-4E15-87D0-B68307D560B7}.Release|Any CPU.Build.0 = Release|Any CPU
		{C8C87523-5513-44E7-9F7E-955500BC6470}.Debug|Any CPU.ActiveCfg = Debug|Any CPU
		{C8C87523-5513-44E7-9F7E-955500BC6470}.Debug|Any CPU.Build.0 = Debug|Any CPU
		{C8C87523-5513-44E7-9F7E-955500BC6470}.Release|Any CPU.ActiveCfg = Release|Any CPU
		{C8C87523-5513-44E7-9F7E-955500BC6470}.Release|Any CPU.Build.0 = Release|Any CPU
	EndGlobalSection
	GlobalSection(SolutionProperties) = preSolution
		HideSolutionNode = FALSE
	EndGlobalSection
	GlobalSection(ExtensibilityGlobals) = postSolution
		SolutionGuid = {26404103-4820-45AF-A696-9E3F252A77A6}
	EndGlobalSection
EndGlobal
